
Microsoft Visual Studio Solution File, Format Version 11.00
# Visual Studio 2010
Project("{FAE04EC0-301F-11D3-BF4B-00C04F79EFBC}") = "Assembly-CSharp", "Assembly-CSharp.csproj", "{e04a4229-1eb3-7af6-4970-5c30e73af075}"
EndProject
Project("{FAE04EC0-301F-11D3-BF4B-00C04F79EFBC}") = "Assembly-CSharp-Editor", "Assembly-CSharp-Editor.csproj", "{82c50d4b-b13d-cf01-5eb0-ff53dbb9d043}"
EndProject
Global
	GlobalSection(SolutionConfigurationPlatforms) = preSolution
		Debug|Any CPU = Debug|Any CPU
	EndGlobalSection
	GlobalSection(ProjectConfigurationPlatforms) = postSolution
		{e04a4229-1eb3-7af6-4970-5c30e73af075}.Debug|Any CPU.ActiveCfg = Debug|Any CPU
		{e04a4229-1eb3-7af6-4970-5c30e73af075}.Debug|Any CPU.Build.0 = Debug|Any CPU
		{82c50d4b-b13d-cf01-5eb0-ff53dbb9d043}.Debug|Any CPU.ActiveCfg = Debug|Any CPU
		{82c50d4b-b13d-cf01-5eb0-ff53dbb9d043}.Debug|Any CPU.Build.0 = Debug|Any CPU
	EndGlobalSection
	GlobalSection(SolutionProperties) = preSolution
		HideSolutionNode = FALSE
	EndGlobalSection
EndGlobal
